// !$*UTF8*$!
{
	archiveVersion = 1;
	classes = {
	};
	objectVersion = 56;
	objects = {

/* Begin PBXBuildFile section */
		050295A92D06849600BE3CB7 /* EveningRollCallViewController.swift in Sources */ = {isa = PBXBuildFile; fileRef = 050295A82D06849600BE3CB7 /* EveningRollCallViewController.swift */; };
		056D9ACA2D02E0A9006357B8 /* DailyInspectionViewController.swift in Sources */ = {isa = PBXBuildFile; fileRef = 056D9AC92D02E0A9006357B8 /* DailyInspectionViewController.swift */; };
		056D9ACC2D02E122006357B8 /* DailyInspectionTableViewCell.swift in Sources */ = {isa = PBXBuildFile; fileRef = 056D9ACB2D02E122006357B8 /* DailyInspectionTableViewCell.swift */; };
		05763DB12D07DF3400385325 /* OtherTasksCollectionViewCell.swift in Sources */ = {isa = PBXBuildFile; fileRef = 05763DB02D07DF3400385325 /* OtherTasksCollectionViewCell.swift */; };
		05763DB32D08176B00385325 /* PhoneBookCollectionViewCell.swift in Sources */ = {isa = PBXBuildFile; fileRef = 05763DB22D08176B00385325 /* PhoneBookCollectionViewCell.swift */; };
		05763DB52D08225A00385325 /* MemberModel.swift in Sources */ = {isa = PBXBuildFile; fileRef = 05763DB42D08225A00385325 /* MemberModel.swift */; };
		05763DB82D0826E700385325 /* NotificationListViewController.swift in Sources */ = {isa = PBXBuildFile; fileRef = 05763DB72D0826E700385325 /* NotificationListViewController.swift */; };
		05763DBA2D08293300385325 /* NotificationTableViewCell.swift in Sources */ = {isa = PBXBuildFile; fileRef = 05763DB92D08293300385325 /* NotificationTableViewCell.swift */; };
		05763DBC2D094AA000385325 /* RouteTableViewCell.swift in Sources */ = {isa = PBXBuildFile; fileRef = 05763DBB2D094AA000385325 /* RouteTableViewCell.swift */; };
		05763DBE2D0951DA00385325 /* RouteModel.swift in Sources */ = {isa = PBXBuildFile; fileRef = 05763DBD2D0951DA00385325 /* RouteModel.swift */; };
		05763DC02D096AAE00385325 /* ProfileModel.swift in Sources */ = {isa = PBXBuildFile; fileRef = 05763DBF2D096AAE00385325 /* ProfileModel.swift */; };
		05763DC32D096B2B00385325 /* SalaryViewController.swift in Sources */ = {isa = PBXBuildFile; fileRef = 05763DC22D096B2B00385325 /* SalaryViewController.swift */; };
		05763DC62D09731100385325 /* PhoneBookListViewController.swift in Sources */ = {isa = PBXBuildFile; fileRef = 05763DC52D09731100385325 /* PhoneBookListViewController.swift */; };
		05763DC82D0973BA00385325 /* PhoneBookListTableViewCell.swift in Sources */ = {isa = PBXBuildFile; fileRef = 05763DC72D0973BA00385325 /* PhoneBookListTableViewCell.swift */; };
		057C6D9B2CFEE5E80019FA3E /* DispatchDetailView.swift in Sources */ = {isa = PBXBuildFile; fileRef = 057C6D9A2CFEE5E80019FA3E /* DispatchDetailView.swift */; };
		057C6D9D2CFEE5F60019FA3E /* DispatchRunningView.swift in Sources */ = {isa = PBXBuildFile; fileRef = 057C6D9C2CFEE5F60019FA3E /* DispatchRunningView.swift */; };
		057C6D9F2CFEEA2D0019FA3E /* StationDetailInfoTableViewCell.swift in Sources */ = {isa = PBXBuildFile; fileRef = 057C6D9E2CFEEA2D0019FA3E /* StationDetailInfoTableViewCell.swift */; };
		057C6DA12CFEEC190019FA3E /* DispatchDetailIBaseInfoTableViewCell.swift in Sources */ = {isa = PBXBuildFile; fileRef = 057C6DA02CFEEC190019FA3E /* DispatchDetailIBaseInfoTableViewCell.swift */; };
		057C6DA32CFEF9D50019FA3E /* DispatchDetailReferencesTableViewCell.swift in Sources */ = {isa = PBXBuildFile; fileRef = 057C6DA22CFEF9D50019FA3E /* DispatchDetailReferencesTableViewCell.swift */; };
		0582805F2D0025D900898A4A /* DispatchRunningTableViewCell.swift in Sources */ = {isa = PBXBuildFile; fileRef = 0582805E2D0025D900898A4A /* DispatchRunningTableViewCell.swift */; };
		058280612D002D1F00898A4A /* PushButtonView.swift in Sources */ = {isa = PBXBuildFile; fileRef = 058280602D002D1F00898A4A /* PushButtonView.swift */; };
		058280632D0035D000898A4A /* MorningRollCallTableViewCell.swift in Sources */ = {isa = PBXBuildFile; fileRef = 058280622D0035D000898A4A /* MorningRollCallTableViewCell.swift */; };
		059082752CE6D2A500E4D204 /* DispatchModel.swift in Sources */ = {isa = PBXBuildFile; fileRef = 059082742CE6D2A500E4D204 /* DispatchModel.swift */; };
		05A015542CF40D47004D0844 /* HourlyWorkView.swift in Sources */ = {isa = PBXBuildFile; fileRef = 05A015532CF40D47004D0844 /* HourlyWorkView.swift */; };
		05A015582CF497AA004D0844 /* MainModel.swift in Sources */ = {isa = PBXBuildFile; fileRef = 05A015572CF497AA004D0844 /* MainModel.swift */; };
		05A0155A2CF58305004D0844 /* StatusView.swift in Sources */ = {isa = PBXBuildFile; fileRef = 05A015592CF58305004D0844 /* StatusView.swift */; };
		05A227402CEC225C00C07662 /* WorkRateTableViewCell.swift in Sources */ = {isa = PBXBuildFile; fileRef = 05A2273F2CEC225C00C07662 /* WorkRateTableViewCell.swift */; };
		05A227422CEC228700C07662 /* GoToWorkTableViewCell.swift in Sources */ = {isa = PBXBuildFile; fileRef = 05A227412CEC228700C07662 /* GoToWorkTableViewCell.swift */; };
		05A227442CEC228C00C07662 /* DispatchTableViewCell.swift in Sources */ = {isa = PBXBuildFile; fileRef = 05A227432CEC228C00C07662 /* DispatchTableViewCell.swift */; };
		05A227482CEC229B00C07662 /* GetOffWorkTableViewCell.swift in Sources */ = {isa = PBXBuildFile; fileRef = 05A227472CEC229B00C07662 /* GetOffWorkTableViewCell.swift */; };
		05D3FA7C2CE2DD3300AFDC6B /* GetUpCheckViewController.swift in Sources */ = {isa = PBXBuildFile; fileRef = 05D3FA7B2CE2DD3300AFDC6B /* GetUpCheckViewController.swift */; };
		05D3FA802CE2EE1500AFDC6B /* User.swift in Sources */ = {isa = PBXBuildFile; fileRef = 05D3FA7F2CE2EE1500AFDC6B /* User.swift */; };
		05DA9BE92CF6AD800024CADE /* DispatchDetailViewController.swift in Sources */ = {isa = PBXBuildFile; fileRef = 05DA9BE82CF6AD800024CADE /* DispatchDetailViewController.swift */; };
		05DA9BEB2CF6E5DC0024CADE /* MorningRollCallViewController.swift in Sources */ = {isa = PBXBuildFile; fileRef = 05DA9BEA2CF6E5DC0024CADE /* MorningRollCallViewController.swift */; };
		05DB9A8E2CE448F600742317 /* KindsOfDocumentCollectionViewCell.swift in Sources */ = {isa = PBXBuildFile; fileRef = 05DB9A8D2CE448F600742317 /* KindsOfDocumentCollectionViewCell.swift */; };
		05DB9A902CE4499900742317 /* DispatchDocumentTableViewCell.swift in Sources */ = {isa = PBXBuildFile; fileRef = 05DB9A8F2CE4499900742317 /* DispatchDocumentTableViewCell.swift */; };
		2D41BEAC2D3BD87200C4D6E8 /* RenewalMainViewController.swift in Sources */ = {isa = PBXBuildFile; fileRef = 2D41BEAB2D3BD87200C4D6E8 /* RenewalMainViewController.swift */; };
		2D41BEAE2D3E86C700C4D6E8 /* ScheduleTableViewCell.swift in Sources */ = {isa = PBXBuildFile; fileRef = 2D41BEAD2D3E86C700C4D6E8 /* ScheduleTableViewCell.swift */; };
		2D7C5BCF2D049D3400C381CE /* DispatchCheckListViewController.swift in Sources */ = {isa = PBXBuildFile; fileRef = 2D7C5BCE2D049D3400C381CE /* DispatchCheckListViewController.swift */; };
		2D7C5BD12D04BF4700C381CE /* RefusalReasonViewController.swift in Sources */ = {isa = PBXBuildFile; fileRef = 2D7C5BD02D04BF4700C381CE /* RefusalReasonViewController.swift */; };
		2D7C5BD32D04CDEA00C381CE /* RefusalSubmitViewController.swift in Sources */ = {isa = PBXBuildFile; fileRef = 2D7C5BD22D04CDEA00C381CE /* RefusalSubmitViewController.swift */; };
		2D7C5BD52D04D36600C381CE /* RefusalReasonCollectionViewCell.swift in Sources */ = {isa = PBXBuildFile; fileRef = 2D7C5BD42D04D36600C381CE /* RefusalReasonCollectionViewCell.swift */; };
		2D7C5BDB2D0602BE00C381CE /* DispatchPeopleCountView.swift in Sources */ = {isa = PBXBuildFile; fileRef = 2D7C5BDA2D0602BE00C381CE /* DispatchPeopleCountView.swift */; };
		2D7C5BDD2D060D7500C381CE /* DispatchOffView.swift in Sources */ = {isa = PBXBuildFile; fileRef = 2D7C5BDC2D060D7500C381CE /* DispatchOffView.swift */; };
		2D7C5BDF2D0615A400C381CE /* DispatchOffTableViewCell.swift in Sources */ = {isa = PBXBuildFile; fileRef = 2D7C5BDE2D0615A400C381CE /* DispatchOffTableViewCell.swift */; };
		2D7C5BE22D0896F600C381CE /* CardViewController.swift in Sources */ = {isa = PBXBuildFile; fileRef = 2D7C5BE12D0896F600C381CE /* CardViewController.swift */; };
		2D7C5BE52D08A7C100C381CE /* RouteViewController.swift in Sources */ = {isa = PBXBuildFile; fileRef = 2D7C5BE42D08A7C100C381CE /* RouteViewController.swift */; };
		2D7C5BE82D08ADFC00C381CE /* CircularProgress.swift in Sources */ = {isa = PBXBuildFile; fileRef = 2D7C5BE72D08ADFC00C381CE /* CircularProgress.swift */; };
		2D904EF62CE0B04A005CF538 /* AppDelegate.swift in Sources */ = {isa = PBXBuildFile; fileRef = 2D904EF52CE0B04A005CF538 /* AppDelegate.swift */; };
		2D904EF82CE0B04A005CF538 /* SceneDelegate.swift in Sources */ = {isa = PBXBuildFile; fileRef = 2D904EF72CE0B04A005CF538 /* SceneDelegate.swift */; };
		2D904EFF2CE0B04C005CF538 /* Assets.xcassets in Resources */ = {isa = PBXBuildFile; fileRef = 2D904EFE2CE0B04C005CF538 /* Assets.xcassets */; };
		2D904F022CE0B04C005CF538 /* LaunchScreen.storyboard in Resources */ = {isa = PBXBuildFile; fileRef = 2D904F002CE0B04C005CF538 /* LaunchScreen.storyboard */; };
		2D904F162CE0B2DA005CF538 /* TemplateView.swift in Sources */ = {isa = PBXBuildFile; fileRef = 2D904F0A2CE0B2C1005CF538 /* TemplateView.swift */; };
		2D904F172CE0B2DD005CF538 /* TemplateTableViewCell.swift in Sources */ = {isa = PBXBuildFile; fileRef = 2D904F0B2CE0B2C1005CF538 /* TemplateTableViewCell.swift */; };
		2D904F182CE0B2DF005CF538 /* CustomizedNavigationController.swift in Sources */ = {isa = PBXBuildFile; fileRef = 2D904F0C2CE0B2C1005CF538 /* CustomizedNavigationController.swift */; };
		2D904F192CE0B2E1005CF538 /* CustomizedTabBarController.swift in Sources */ = {isa = PBXBuildFile; fileRef = 2D904F0D2CE0B2C1005CF538 /* CustomizedTabBarController.swift */; };
		2D904F1A2CE0B2E3005CF538 /* BottomSheetViewController.swift in Sources */ = {isa = PBXBuildFile; fileRef = 2D904F0E2CE0B2C1005CF538 /* BottomSheetViewController.swift */; };
		2D904F1B2CE0B2E5005CF538 /* AlertPopViewController.swift in Sources */ = {isa = PBXBuildFile; fileRef = 2D904F0F2CE0B2C1005CF538 /* AlertPopViewController.swift */; };
		2D904F1C2CE0B2E8005CF538 /* CategoryButton.swift in Sources */ = {isa = PBXBuildFile; fileRef = 2D904F102CE0B2C1005CF538 /* CategoryButton.swift */; };
		2D904F1D2CE0B2EA005CF538 /* TemplateViewController.swift in Sources */ = {isa = PBXBuildFile; fileRef = 2D904F112CE0B2C1005CF538 /* TemplateViewController.swift */; };
		2D904F1E2CE0B2EC005CF538 /* TemplateHeaderFooterView.swift in Sources */ = {isa = PBXBuildFile; fileRef = 2D904F122CE0B2C1005CF538 /* TemplateHeaderFooterView.swift */; };
		2D904F1F2CE0B2EE005CF538 /* TempateViewPagerViewController.swift in Sources */ = {isa = PBXBuildFile; fileRef = 2D904F132CE0B2C1005CF538 /* TempateViewPagerViewController.swift */; };
		2D904F202CE0B2F0005CF538 /* TemplateCollectionViewCell.swift in Sources */ = {isa = PBXBuildFile; fileRef = 2D904F142CE0B2C1005CF538 /* TemplateCollectionViewCell.swift */; };
		2D904F212CE0B2F2005CF538 /* ViewPagerCollectionViewCell.swift in Sources */ = {isa = PBXBuildFile; fileRef = 2D904F152CE0B2C1005CF538 /* ViewPagerCollectionViewCell.swift */; };
		2D904F272CE0B326005CF538 /* SupportingMethods.swift in Sources */ = {isa = PBXBuildFile; fileRef = 2D904F232CE0B326005CF538 /* SupportingMethods.swift */; };
		2D904F282CE0B326005CF538 /* ServerSetting.swift in Sources */ = {isa = PBXBuildFile; fileRef = 2D904F242CE0B326005CF538 /* ServerSetting.swift */; };
		2D904F292CE0B326005CF538 /* NetworkMonitor.swift in Sources */ = {isa = PBXBuildFile; fileRef = 2D904F252CE0B326005CF538 /* NetworkMonitor.swift */; };
		2D904F2A2CE0B326005CF538 /* ReferenceValues.swift in Sources */ = {isa = PBXBuildFile; fileRef = 2D904F262CE0B326005CF538 /* ReferenceValues.swift */; };
		2D904F2C2CE0B3C2005CF538 /* SplashViewController.swift in Sources */ = {isa = PBXBuildFile; fileRef = 2D904F2B2CE0B3C2005CF538 /* SplashViewController.swift */; };
		2D904F2F2CE0D002005CF538 /* GoogleService-Info.plist in Resources */ = {isa = PBXBuildFile; fileRef = 2D904F2E2CE0D002005CF538 /* GoogleService-Info.plist */; };
		2D904F312CE0D20D005CF538 /* PermissionViewController.swift in Sources */ = {isa = PBXBuildFile; fileRef = 2D904F302CE0D20D005CF538 /* PermissionViewController.swift */; };
		2D904F342CE0D8E1005CF538 /* LoginModel.swift in Sources */ = {isa = PBXBuildFile; fileRef = 2D904F332CE0D8E1005CF538 /* LoginModel.swift */; };
		2D904F372CE0DCA7005CF538 /* PretendardVariable.ttf in Resources */ = {isa = PBXBuildFile; fileRef = 2D904F362CE0DCA5005CF538 /* PretendardVariable.ttf */; };
		2D904F392CE0DE48005CF538 /* PermissionTableViewCell.swift in Sources */ = {isa = PBXBuildFile; fileRef = 2D904F382CE0DE48005CF538 /* PermissionTableViewCell.swift */; };
		2DC362C62CFF58A900859D1D /* DispatchNoteView.swift in Sources */ = {isa = PBXBuildFile; fileRef = 2DC362C52CFF58A900859D1D /* DispatchNoteView.swift */; };
		2DD46E3F2D0FFA48006E6855 /* NoticeViewController.swift in Sources */ = {isa = PBXBuildFile; fileRef = 2DD46E3E2D0FFA48006E6855 /* NoticeViewController.swift */; };
		2DD46E412D1002A0006E6855 /* NoticeTableViewCell.swift in Sources */ = {isa = PBXBuildFile; fileRef = 2DD46E402D1002A0006E6855 /* NoticeTableViewCell.swift */; };
		2DD46E432D10397C006E6855 /* NoticeModel.swift in Sources */ = {isa = PBXBuildFile; fileRef = 2DD46E422D10397C006E6855 /* NoticeModel.swift */; };
		2DD46E452D103DCF006E6855 /* NoticeDetailViewController.swift in Sources */ = {isa = PBXBuildFile; fileRef = 2DD46E442D103DCF006E6855 /* NoticeDetailViewController.swift */; };
		2DD46E472D104A7F006E6855 /* RouteSearchViewController.swift in Sources */ = {isa = PBXBuildFile; fileRef = 2DD46E462D104A7F006E6855 /* RouteSearchViewController.swift */; };
		2DD46E4E2D10FC88006E6855 /* RouteDetailViewController.swift in Sources */ = {isa = PBXBuildFile; fileRef = 2DD46E4D2D10FC88006E6855 /* RouteDetailViewController.swift */; };
		2DD46E502D110157006E6855 /* RouteDetailView.swift in Sources */ = {isa = PBXBuildFile; fileRef = 2DD46E4F2D110157006E6855 /* RouteDetailView.swift */; };
		2DD46E522D1101B1006E6855 /* RouteBasicInfoTableViewCell.swift in Sources */ = {isa = PBXBuildFile; fileRef = 2DD46E512D1101B1006E6855 /* RouteBasicInfoTableViewCell.swift */; };
		2DD46E542D1135CB006E6855 /* ProblemRouteTableViewCell.swift in Sources */ = {isa = PBXBuildFile; fileRef = 2DD46E532D1135CB006E6855 /* ProblemRouteTableViewCell.swift */; };
		2DD46E562D11458D006E6855 /* ProblemDetailViewController.swift in Sources */ = {isa = PBXBuildFile; fileRef = 2DD46E552D11458D006E6855 /* ProblemDetailViewController.swift */; };
		2DD46E592D11464C006E6855 /* ProblemDetailView.swift in Sources */ = {isa = PBXBuildFile; fileRef = 2DD46E582D11464C006E6855 /* ProblemDetailView.swift */; };
		2DD46E5B2D114678006E6855 /* ProblemBasicInfoTableViewCell.swift in Sources */ = {isa = PBXBuildFile; fileRef = 2DD46E5A2D114678006E6855 /* ProblemBasicInfoTableViewCell.swift */; };
		2DDE3CB02CFAEDE70024A799 /* BottomSheetView.swift in Sources */ = {isa = PBXBuildFile; fileRef = 2DDE3CAF2CFAEDE70024A799 /* BottomSheetView.swift */; };
		2DE005642CE248F4004DE761 /* MainViewController.swift in Sources */ = {isa = PBXBuildFile; fileRef = 2DE005632CE248F4004DE761 /* MainViewController.swift */; };
		2DE005662CE2490C004DE761 /* CalendarViewController.swift in Sources */ = {isa = PBXBuildFile; fileRef = 2DE005652CE2490C004DE761 /* CalendarViewController.swift */; };
		2DE005682CE2491C004DE761 /* OfficeViewController.swift in Sources */ = {isa = PBXBuildFile; fileRef = 2DE005672CE2491C004DE761 /* OfficeViewController.swift */; };
		2DE0056A2CE2492E004DE761 /* ProfileViewController.swift in Sources */ = {isa = PBXBuildFile; fileRef = 2DE005692CE2492E004DE761 /* ProfileViewController.swift */; };
		2DF135132CE7C1F200EAA052 /* ManagerMainViewController.swift in Sources */ = {isa = PBXBuildFile; fileRef = 2DF135122CE7C1F200EAA052 /* ManagerMainViewController.swift */; };
		B48289BC89928F0CC50C4623 /* Pods_RPA_D.framework in Frameworks */ = {isa = PBXBuildFile; fileRef = 2E746101C42B769B55E0BCDA /* Pods_RPA_D.framework */; };
/* End PBXBuildFile section */

/* Begin PBXFileReference section */
		050295A82D06849600BE3CB7 /* EveningRollCallViewController.swift */ = {isa = PBXFileReference; lastKnownFileType = sourcecode.swift; path = EveningRollCallViewController.swift; sourceTree = "<group>"; };
		056D9AC92D02E0A9006357B8 /* DailyInspectionViewController.swift */ = {isa = PBXFileReference; lastKnownFileType = sourcecode.swift; path = DailyInspectionViewController.swift; sourceTree = "<group>"; };
		056D9ACB2D02E122006357B8 /* DailyInspectionTableViewCell.swift */ = {isa = PBXFileReference; lastKnownFileType = sourcecode.swift; path = DailyInspectionTableViewCell.swift; sourceTree = "<group>"; };
		05763DB02D07DF3400385325 /* OtherTasksCollectionViewCell.swift */ = {isa = PBXFileReference; lastKnownFileType = sourcecode.swift; path = OtherTasksCollectionViewCell.swift; sourceTree = "<group>"; };
		05763DB22D08176B00385325 /* PhoneBookCollectionViewCell.swift */ = {isa = PBXFileReference; lastKnownFileType = sourcecode.swift; path = PhoneBookCollectionViewCell.swift; sourceTree = "<group>"; };
		05763DB42D08225A00385325 /* MemberModel.swift */ = {isa = PBXFileReference; lastKnownFileType = sourcecode.swift; path = MemberModel.swift; sourceTree = "<group>"; };
		05763DB72D0826E700385325 /* NotificationListViewController.swift */ = {isa = PBXFileReference; lastKnownFileType = sourcecode.swift; path = NotificationListViewController.swift; sourceTree = "<group>"; };
		05763DB92D08293300385325 /* NotificationTableViewCell.swift */ = {isa = PBXFileReference; lastKnownFileType = sourcecode.swift; path = NotificationTableViewCell.swift; sourceTree = "<group>"; };
		05763DBB2D094AA000385325 /* RouteTableViewCell.swift */ = {isa = PBXFileReference; lastKnownFileType = sourcecode.swift; path = RouteTableViewCell.swift; sourceTree = "<group>"; };
		05763DBD2D0951DA00385325 /* RouteModel.swift */ = {isa = PBXFileReference; lastKnownFileType = sourcecode.swift; path = RouteModel.swift; sourceTree = "<group>"; };
		05763DBF2D096AAE00385325 /* ProfileModel.swift */ = {isa = PBXFileReference; lastKnownFileType = sourcecode.swift; path = ProfileModel.swift; sourceTree = "<group>"; };
		05763DC22D096B2B00385325 /* SalaryViewController.swift */ = {isa = PBXFileReference; lastKnownFileType = sourcecode.swift; path = SalaryViewController.swift; sourceTree = "<group>"; };
		05763DC52D09731100385325 /* PhoneBookListViewController.swift */ = {isa = PBXFileReference; lastKnownFileType = sourcecode.swift; path = PhoneBookListViewController.swift; sourceTree = "<group>"; };
		05763DC72D0973BA00385325 /* PhoneBookListTableViewCell.swift */ = {isa = PBXFileReference; lastKnownFileType = sourcecode.swift; path = PhoneBookListTableViewCell.swift; sourceTree = "<group>"; };
		057C6D9A2CFEE5E80019FA3E /* DispatchDetailView.swift */ = {isa = PBXFileReference; lastKnownFileType = sourcecode.swift; path = DispatchDetailView.swift; sourceTree = "<group>"; };
		057C6D9C2CFEE5F60019FA3E /* DispatchRunningView.swift */ = {isa = PBXFileReference; lastKnownFileType = sourcecode.swift; path = DispatchRunningView.swift; sourceTree = "<group>"; };
		057C6D9E2CFEEA2D0019FA3E /* StationDetailInfoTableViewCell.swift */ = {isa = PBXFileReference; lastKnownFileType = sourcecode.swift; path = StationDetailInfoTableViewCell.swift; sourceTree = "<group>"; };
		057C6DA02CFEEC190019FA3E /* DispatchDetailIBaseInfoTableViewCell.swift */ = {isa = PBXFileReference; lastKnownFileType = sourcecode.swift; path = DispatchDetailIBaseInfoTableViewCell.swift; sourceTree = "<group>"; };
		057C6DA22CFEF9D50019FA3E /* DispatchDetailReferencesTableViewCell.swift */ = {isa = PBXFileReference; lastKnownFileType = sourcecode.swift; path = DispatchDetailReferencesTableViewCell.swift; sourceTree = "<group>"; };
		0582805E2D0025D900898A4A /* DispatchRunningTableViewCell.swift */ = {isa = PBXFileReference; lastKnownFileType = sourcecode.swift; path = DispatchRunningTableViewCell.swift; sourceTree = "<group>"; };
		058280602D002D1F00898A4A /* PushButtonView.swift */ = {isa = PBXFileReference; lastKnownFileType = sourcecode.swift; path = PushButtonView.swift; sourceTree = "<group>"; };
		058280622D0035D000898A4A /* MorningRollCallTableViewCell.swift */ = {isa = PBXFileReference; lastKnownFileType = sourcecode.swift; path = MorningRollCallTableViewCell.swift; sourceTree = "<group>"; };
		059082742CE6D2A500E4D204 /* DispatchModel.swift */ = {isa = PBXFileReference; lastKnownFileType = sourcecode.swift; path = DispatchModel.swift; sourceTree = "<group>"; };
		05A015532CF40D47004D0844 /* HourlyWorkView.swift */ = {isa = PBXFileReference; lastKnownFileType = sourcecode.swift; path = HourlyWorkView.swift; sourceTree = "<group>"; };
		05A015572CF497AA004D0844 /* MainModel.swift */ = {isa = PBXFileReference; lastKnownFileType = sourcecode.swift; path = MainModel.swift; sourceTree = "<group>"; };
		05A015592CF58305004D0844 /* StatusView.swift */ = {isa = PBXFileReference; lastKnownFileType = sourcecode.swift; path = StatusView.swift; sourceTree = "<group>"; };
		05A2273F2CEC225C00C07662 /* WorkRateTableViewCell.swift */ = {isa = PBXFileReference; lastKnownFileType = sourcecode.swift; path = WorkRateTableViewCell.swift; sourceTree = "<group>"; };
		05A227412CEC228700C07662 /* GoToWorkTableViewCell.swift */ = {isa = PBXFileReference; lastKnownFileType = sourcecode.swift; path = GoToWorkTableViewCell.swift; sourceTree = "<group>"; };
		05A227432CEC228C00C07662 /* DispatchTableViewCell.swift */ = {isa = PBXFileReference; lastKnownFileType = sourcecode.swift; path = DispatchTableViewCell.swift; sourceTree = "<group>"; };
		05A227472CEC229B00C07662 /* GetOffWorkTableViewCell.swift */ = {isa = PBXFileReference; lastKnownFileType = sourcecode.swift; path = GetOffWorkTableViewCell.swift; sourceTree = "<group>"; };
		05D3FA7B2CE2DD3300AFDC6B /* GetUpCheckViewController.swift */ = {isa = PBXFileReference; lastKnownFileType = sourcecode.swift; path = GetUpCheckViewController.swift; sourceTree = "<group>"; };
		05D3FA7F2CE2EE1500AFDC6B /* User.swift */ = {isa = PBXFileReference; lastKnownFileType = sourcecode.swift; path = User.swift; sourceTree = "<group>"; };
		05DA9BE82CF6AD800024CADE /* DispatchDetailViewController.swift */ = {isa = PBXFileReference; lastKnownFileType = sourcecode.swift; path = DispatchDetailViewController.swift; sourceTree = "<group>"; };
		05DA9BEA2CF6E5DC0024CADE /* MorningRollCallViewController.swift */ = {isa = PBXFileReference; lastKnownFileType = sourcecode.swift; path = MorningRollCallViewController.swift; sourceTree = "<group>"; };
		05DB9A8D2CE448F600742317 /* KindsOfDocumentCollectionViewCell.swift */ = {isa = PBXFileReference; lastKnownFileType = sourcecode.swift; path = KindsOfDocumentCollectionViewCell.swift; sourceTree = "<group>"; };
		05DB9A8F2CE4499900742317 /* DispatchDocumentTableViewCell.swift */ = {isa = PBXFileReference; lastKnownFileType = sourcecode.swift; path = DispatchDocumentTableViewCell.swift; sourceTree = "<group>"; };
		2D41BEAB2D3BD87200C4D6E8 /* RenewalMainViewController.swift */ = {isa = PBXFileReference; lastKnownFileType = sourcecode.swift; path = RenewalMainViewController.swift; sourceTree = "<group>"; };
		2D41BEAD2D3E86C700C4D6E8 /* ScheduleTableViewCell.swift */ = {isa = PBXFileReference; lastKnownFileType = sourcecode.swift; path = ScheduleTableViewCell.swift; sourceTree = "<group>"; };
		2D7C5BCE2D049D3400C381CE /* DispatchCheckListViewController.swift */ = {isa = PBXFileReference; lastKnownFileType = sourcecode.swift; path = DispatchCheckListViewController.swift; sourceTree = "<group>"; };
		2D7C5BD02D04BF4700C381CE /* RefusalReasonViewController.swift */ = {isa = PBXFileReference; lastKnownFileType = sourcecode.swift; path = RefusalReasonViewController.swift; sourceTree = "<group>"; };
		2D7C5BD22D04CDEA00C381CE /* RefusalSubmitViewController.swift */ = {isa = PBXFileReference; lastKnownFileType = sourcecode.swift; path = RefusalSubmitViewController.swift; sourceTree = "<group>"; };
		2D7C5BD42D04D36600C381CE /* RefusalReasonCollectionViewCell.swift */ = {isa = PBXFileReference; lastKnownFileType = sourcecode.swift; path = RefusalReasonCollectionViewCell.swift; sourceTree = "<group>"; };
		2D7C5BDA2D0602BE00C381CE /* DispatchPeopleCountView.swift */ = {isa = PBXFileReference; lastKnownFileType = sourcecode.swift; path = DispatchPeopleCountView.swift; sourceTree = "<group>"; };
		2D7C5BDC2D060D7500C381CE /* DispatchOffView.swift */ = {isa = PBXFileReference; lastKnownFileType = sourcecode.swift; path = DispatchOffView.swift; sourceTree = "<group>"; };
		2D7C5BDE2D0615A400C381CE /* DispatchOffTableViewCell.swift */ = {isa = PBXFileReference; lastKnownFileType = sourcecode.swift; path = DispatchOffTableViewCell.swift; sourceTree = "<group>"; };
		2D7C5BE12D0896F600C381CE /* CardViewController.swift */ = {isa = PBXFileReference; lastKnownFileType = sourcecode.swift; path = CardViewController.swift; sourceTree = "<group>"; };
		2D7C5BE42D08A7C100C381CE /* RouteViewController.swift */ = {isa = PBXFileReference; lastKnownFileType = sourcecode.swift; path = RouteViewController.swift; sourceTree = "<group>"; };
		2D7C5BE72D08ADFC00C381CE /* CircularProgress.swift */ = {isa = PBXFileReference; lastKnownFileType = sourcecode.swift; path = CircularProgress.swift; sourceTree = "<group>"; };
		2D904EF22CE0B04A005CF538 /* RPA-D.app */ = {isa = PBXFileReference; explicitFileType = wrapper.application; includeInIndex = 0; path = "RPA-D.app"; sourceTree = BUILT_PRODUCTS_DIR; };
		2D904EF52CE0B04A005CF538 /* AppDelegate.swift */ = {isa = PBXFileReference; lastKnownFileType = sourcecode.swift; path = AppDelegate.swift; sourceTree = "<group>"; };
		2D904EF72CE0B04A005CF538 /* SceneDelegate.swift */ = {isa = PBXFileReference; lastKnownFileType = sourcecode.swift; path = SceneDelegate.swift; sourceTree = "<group>"; };
		2D904EFE2CE0B04C005CF538 /* Assets.xcassets */ = {isa = PBXFileReference; lastKnownFileType = folder.assetcatalog; path = Assets.xcassets; sourceTree = "<group>"; };
		2D904F012CE0B04C005CF538 /* Base */ = {isa = PBXFileReference; lastKnownFileType = file.storyboard; name = Base; path = Base.lproj/LaunchScreen.storyboard; sourceTree = "<group>"; };
		2D904F032CE0B04C005CF538 /* Info.plist */ = {isa = PBXFileReference; lastKnownFileType = text.plist.xml; path = Info.plist; sourceTree = "<group>"; };
		2D904F0A2CE0B2C1005CF538 /* TemplateView.swift */ = {isa = PBXFileReference; lastKnownFileType = sourcecode.swift; path = TemplateView.swift; sourceTree = "<group>"; };
		2D904F0B2CE0B2C1005CF538 /* TemplateTableViewCell.swift */ = {isa = PBXFileReference; lastKnownFileType = sourcecode.swift; path = TemplateTableViewCell.swift; sourceTree = "<group>"; };
		2D904F0C2CE0B2C1005CF538 /* CustomizedNavigationController.swift */ = {isa = PBXFileReference; lastKnownFileType = sourcecode.swift; path = CustomizedNavigationController.swift; sourceTree = "<group>"; };
		2D904F0D2CE0B2C1005CF538 /* CustomizedTabBarController.swift */ = {isa = PBXFileReference; lastKnownFileType = sourcecode.swift; path = CustomizedTabBarController.swift; sourceTree = "<group>"; };
		2D904F0E2CE0B2C1005CF538 /* BottomSheetViewController.swift */ = {isa = PBXFileReference; lastKnownFileType = sourcecode.swift; path = BottomSheetViewController.swift; sourceTree = "<group>"; };
		2D904F0F2CE0B2C1005CF538 /* AlertPopViewController.swift */ = {isa = PBXFileReference; lastKnownFileType = sourcecode.swift; path = AlertPopViewController.swift; sourceTree = "<group>"; };
		2D904F102CE0B2C1005CF538 /* CategoryButton.swift */ = {isa = PBXFileReference; lastKnownFileType = sourcecode.swift; path = CategoryButton.swift; sourceTree = "<group>"; };
		2D904F112CE0B2C1005CF538 /* TemplateViewController.swift */ = {isa = PBXFileReference; lastKnownFileType = sourcecode.swift; path = TemplateViewController.swift; sourceTree = "<group>"; };
		2D904F122CE0B2C1005CF538 /* TemplateHeaderFooterView.swift */ = {isa = PBXFileReference; lastKnownFileType = sourcecode.swift; path = TemplateHeaderFooterView.swift; sourceTree = "<group>"; };
		2D904F132CE0B2C1005CF538 /* TempateViewPagerViewController.swift */ = {isa = PBXFileReference; lastKnownFileType = sourcecode.swift; path = TempateViewPagerViewController.swift; sourceTree = "<group>"; };
		2D904F142CE0B2C1005CF538 /* TemplateCollectionViewCell.swift */ = {isa = PBXFileReference; lastKnownFileType = sourcecode.swift; path = TemplateCollectionViewCell.swift; sourceTree = "<group>"; };
		2D904F152CE0B2C1005CF538 /* ViewPagerCollectionViewCell.swift */ = {isa = PBXFileReference; lastKnownFileType = sourcecode.swift; path = ViewPagerCollectionViewCell.swift; sourceTree = "<group>"; };
		2D904F232CE0B326005CF538 /* SupportingMethods.swift */ = {isa = PBXFileReference; fileEncoding = 4; lastKnownFileType = sourcecode.swift; path = SupportingMethods.swift; sourceTree = "<group>"; };
		2D904F242CE0B326005CF538 /* ServerSetting.swift */ = {isa = PBXFileReference; fileEncoding = 4; lastKnownFileType = sourcecode.swift; path = ServerSetting.swift; sourceTree = "<group>"; };
		2D904F252CE0B326005CF538 /* NetworkMonitor.swift */ = {isa = PBXFileReference; fileEncoding = 4; lastKnownFileType = sourcecode.swift; path = NetworkMonitor.swift; sourceTree = "<group>"; };
		2D904F262CE0B326005CF538 /* ReferenceValues.swift */ = {isa = PBXFileReference; fileEncoding = 4; lastKnownFileType = sourcecode.swift; path = ReferenceValues.swift; sourceTree = "<group>"; };
		2D904F2B2CE0B3C2005CF538 /* SplashViewController.swift */ = {isa = PBXFileReference; lastKnownFileType = sourcecode.swift; path = SplashViewController.swift; sourceTree = "<group>"; };
		2D904F2E2CE0D002005CF538 /* GoogleService-Info.plist */ = {isa = PBXFileReference; fileEncoding = 4; lastKnownFileType = text.plist.xml; path = "GoogleService-Info.plist"; sourceTree = "<group>"; };
		2D904F302CE0D20D005CF538 /* PermissionViewController.swift */ = {isa = PBXFileReference; lastKnownFileType = sourcecode.swift; path = PermissionViewController.swift; sourceTree = "<group>"; };
		2D904F332CE0D8E1005CF538 /* LoginModel.swift */ = {isa = PBXFileReference; lastKnownFileType = sourcecode.swift; path = LoginModel.swift; sourceTree = "<group>"; };
		2D904F362CE0DCA5005CF538 /* PretendardVariable.ttf */ = {isa = PBXFileReference; lastKnownFileType = file; path = PretendardVariable.ttf; sourceTree = "<group>"; };
		2D904F382CE0DE48005CF538 /* PermissionTableViewCell.swift */ = {isa = PBXFileReference; lastKnownFileType = sourcecode.swift; path = PermissionTableViewCell.swift; sourceTree = "<group>"; };
		2D904F3A2CE0E441005CF538 /* RPA-D.entitlements */ = {isa = PBXFileReference; lastKnownFileType = text.plist.entitlements; path = "RPA-D.entitlements"; sourceTree = "<group>"; };
		2DC362C52CFF58A900859D1D /* DispatchNoteView.swift */ = {isa = PBXFileReference; lastKnownFileType = sourcecode.swift; path = DispatchNoteView.swift; sourceTree = "<group>"; };
		2DD46E3E2D0FFA48006E6855 /* NoticeViewController.swift */ = {isa = PBXFileReference; lastKnownFileType = sourcecode.swift; path = NoticeViewController.swift; sourceTree = "<group>"; };
		2DD46E402D1002A0006E6855 /* NoticeTableViewCell.swift */ = {isa = PBXFileReference; lastKnownFileType = sourcecode.swift; path = NoticeTableViewCell.swift; sourceTree = "<group>"; };
		2DD46E422D10397C006E6855 /* NoticeModel.swift */ = {isa = PBXFileReference; lastKnownFileType = sourcecode.swift; path = NoticeModel.swift; sourceTree = "<group>"; };
		2DD46E442D103DCF006E6855 /* NoticeDetailViewController.swift */ = {isa = PBXFileReference; lastKnownFileType = sourcecode.swift; path = NoticeDetailViewController.swift; sourceTree = "<group>"; };
		2DD46E462D104A7F006E6855 /* RouteSearchViewController.swift */ = {isa = PBXFileReference; lastKnownFileType = sourcecode.swift; path = RouteSearchViewController.swift; sourceTree = "<group>"; };
		2DD46E4D2D10FC88006E6855 /* RouteDetailViewController.swift */ = {isa = PBXFileReference; lastKnownFileType = sourcecode.swift; path = RouteDetailViewController.swift; sourceTree = "<group>"; };
		2DD46E4F2D110157006E6855 /* RouteDetailView.swift */ = {isa = PBXFileReference; lastKnownFileType = sourcecode.swift; path = RouteDetailView.swift; sourceTree = "<group>"; };
		2DD46E512D1101B1006E6855 /* RouteBasicInfoTableViewCell.swift */ = {isa = PBXFileReference; lastKnownFileType = sourcecode.swift; path = RouteBasicInfoTableViewCell.swift; sourceTree = "<group>"; };
		2DD46E532D1135CB006E6855 /* ProblemRouteTableViewCell.swift */ = {isa = PBXFileReference; lastKnownFileType = sourcecode.swift; path = ProblemRouteTableViewCell.swift; sourceTree = "<group>"; };
		2DD46E552D11458D006E6855 /* ProblemDetailViewController.swift */ = {isa = PBXFileReference; lastKnownFileType = sourcecode.swift; path = ProblemDetailViewController.swift; sourceTree = "<group>"; };
		2DD46E582D11464C006E6855 /* ProblemDetailView.swift */ = {isa = PBXFileReference; lastKnownFileType = sourcecode.swift; path = ProblemDetailView.swift; sourceTree = "<group>"; };
		2DD46E5A2D114678006E6855 /* ProblemBasicInfoTableViewCell.swift */ = {isa = PBXFileReference; lastKnownFileType = sourcecode.swift; path = ProblemBasicInfoTableViewCell.swift; sourceTree = "<group>"; };
		2DDE3CAF2CFAEDE70024A799 /* BottomSheetView.swift */ = {isa = PBXFileReference; lastKnownFileType = sourcecode.swift; path = BottomSheetView.swift; sourceTree = "<group>"; };
		2DE005632CE248F4004DE761 /* MainViewController.swift */ = {isa = PBXFileReference; lastKnownFileType = sourcecode.swift; path = MainViewController.swift; sourceTree = "<group>"; };
		2DE005652CE2490C004DE761 /* CalendarViewController.swift */ = {isa = PBXFileReference; lastKnownFileType = sourcecode.swift; path = CalendarViewController.swift; sourceTree = "<group>"; };
		2DE005672CE2491C004DE761 /* OfficeViewController.swift */ = {isa = PBXFileReference; lastKnownFileType = sourcecode.swift; path = OfficeViewController.swift; sourceTree = "<group>"; };
		2DE005692CE2492E004DE761 /* ProfileViewController.swift */ = {isa = PBXFileReference; lastKnownFileType = sourcecode.swift; path = ProfileViewController.swift; sourceTree = "<group>"; };
		2DF135122CE7C1F200EAA052 /* ManagerMainViewController.swift */ = {isa = PBXFileReference; lastKnownFileType = sourcecode.swift; path = ManagerMainViewController.swift; sourceTree = "<group>"; };
		2E746101C42B769B55E0BCDA /* Pods_RPA_D.framework */ = {isa = PBXFileReference; explicitFileType = wrapper.framework; includeInIndex = 0; path = Pods_RPA_D.framework; sourceTree = BUILT_PRODUCTS_DIR; };
		4EBB60802CDBB97B2D50CE46 /* Pods-RPA-D.debug.xcconfig */ = {isa = PBXFileReference; includeInIndex = 1; lastKnownFileType = text.xcconfig; name = "Pods-RPA-D.debug.xcconfig"; path = "Target Support Files/Pods-RPA-D/Pods-RPA-D.debug.xcconfig"; sourceTree = "<group>"; };
		F2954567F689DF28A11B75A0 /* Pods-RPA-D.release.xcconfig */ = {isa = PBXFileReference; includeInIndex = 1; lastKnownFileType = text.xcconfig; name = "Pods-RPA-D.release.xcconfig"; path = "Target Support Files/Pods-RPA-D/Pods-RPA-D.release.xcconfig"; sourceTree = "<group>"; };
/* End PBXFileReference section */

/* Begin PBXFrameworksBuildPhase section */
		2D904EEF2CE0B04A005CF538 /* Frameworks */ = {
			isa = PBXFrameworksBuildPhase;
			buildActionMask = 2147483647;
			files = (
				B48289BC89928F0CC50C4623 /* Pods_RPA_D.framework in Frameworks */,
			);
			runOnlyForDeploymentPostprocessing = 0;
		};
/* End PBXFrameworksBuildPhase section */

/* Begin PBXGroup section */
		05763DB62D0826B100385325 /* Common */ = {
			isa = PBXGroup;
			children = (
				05763DB72D0826E700385325 /* NotificationListViewController.swift */,
				05763DB92D08293300385325 /* NotificationTableViewCell.swift */,
			);
			path = Common;
			sourceTree = "<group>";
		};
		05763DC12D096B1D00385325 /* Salary */ = {
			isa = PBXGroup;
			children = (
				05763DC22D096B2B00385325 /* SalaryViewController.swift */,
			);
			path = Salary;
			sourceTree = "<group>";
		};
		05763DC42D09716100385325 /* PhoneBook */ = {
			isa = PBXGroup;
			children = (
				05763DC52D09731100385325 /* PhoneBookListViewController.swift */,
				05763DC72D0973BA00385325 /* PhoneBookListTableViewCell.swift */,
			);
			path = PhoneBook;
			sourceTree = "<group>";
		};
		05A015522CF40D34004D0844 /* CustomView */ = {
			isa = PBXGroup;
			children = (
				05A015532CF40D47004D0844 /* HourlyWorkView.swift */,
				05A015592CF58305004D0844 /* StatusView.swift */,
				2DDE3CAF2CFAEDE70024A799 /* BottomSheetView.swift */,
				057C6D9A2CFEE5E80019FA3E /* DispatchDetailView.swift */,
				057C6DA02CFEEC190019FA3E /* DispatchDetailIBaseInfoTableViewCell.swift */,
				057C6D9E2CFEEA2D0019FA3E /* StationDetailInfoTableViewCell.swift */,
				057C6DA22CFEF9D50019FA3E /* DispatchDetailReferencesTableViewCell.swift */,
				057C6D9C2CFEE5F60019FA3E /* DispatchRunningView.swift */,
				0582805E2D0025D900898A4A /* DispatchRunningTableViewCell.swift */,
				2DC362C52CFF58A900859D1D /* DispatchNoteView.swift */,
				2D7C5BDA2D0602BE00C381CE /* DispatchPeopleCountView.swift */,
				058280602D002D1F00898A4A /* PushButtonView.swift */,
				2D7C5BDC2D060D7500C381CE /* DispatchOffView.swift */,
				2D7C5BDE2D0615A400C381CE /* DispatchOffTableViewCell.swift */,
			);
			path = CustomView;
			sourceTree = "<group>";
		};
		05D3FA7D2CE2ECD900AFDC6B /* Driver */ = {
			isa = PBXGroup;
			children = (
				2D41BEAA2D3BD86600C4D6E8 /* Renewal */,
				05A015522CF40D34004D0844 /* CustomView */,
				05D3FA7B2CE2DD3300AFDC6B /* GetUpCheckViewController.swift */,
				05DA9BEA2CF6E5DC0024CADE /* MorningRollCallViewController.swift */,
				058280622D0035D000898A4A /* MorningRollCallTableViewCell.swift */,
				056D9AC92D02E0A9006357B8 /* DailyInspectionViewController.swift */,
				056D9ACB2D02E122006357B8 /* DailyInspectionTableViewCell.swift */,
				050295A82D06849600BE3CB7 /* EveningRollCallViewController.swift */,
				2DE005632CE248F4004DE761 /* MainViewController.swift */,
				05A2273F2CEC225C00C07662 /* WorkRateTableViewCell.swift */,
				05A227412CEC228700C07662 /* GoToWorkTableViewCell.swift */,
				05A227432CEC228C00C07662 /* DispatchTableViewCell.swift */,
				05A227472CEC229B00C07662 /* GetOffWorkTableViewCell.swift */,
				05DA9BE82CF6AD800024CADE /* DispatchDetailViewController.swift */,
				2D7C5BCE2D049D3400C381CE /* DispatchCheckListViewController.swift */,
				2D7C5BD02D04BF4700C381CE /* RefusalReasonViewController.swift */,
				2D7C5BD42D04D36600C381CE /* RefusalReasonCollectionViewCell.swift */,
				2D7C5BD22D04CDEA00C381CE /* RefusalSubmitViewController.swift */,
			);
			path = Driver;
			sourceTree = "<group>";
		};
		2D41BEAA2D3BD86600C4D6E8 /* Renewal */ = {
			isa = PBXGroup;
			children = (
				2D41BEAB2D3BD87200C4D6E8 /* RenewalMainViewController.swift */,
				2D41BEAD2D3E86C700C4D6E8 /* ScheduleTableViewCell.swift */,
			);
			path = Renewal;
			sourceTree = "<group>";
		};
		2D7C5BE02D0896EA00C381CE /* Card */ = {
			isa = PBXGroup;
			children = (
				2D7C5BE12D0896F600C381CE /* CardViewController.swift */,
			);
			path = Card;
			sourceTree = "<group>";
		};
		2D7C5BE32D08A7B600C381CE /* Route */ = {
			isa = PBXGroup;
			children = (
				2D7C5BE62D08ADE800C381CE /* CustomView */,
				2D7C5BE42D08A7C100C381CE /* RouteViewController.swift */,
				05763DBB2D094AA000385325 /* RouteTableViewCell.swift */,
				2DD46E462D104A7F006E6855 /* RouteSearchViewController.swift */,
				2DD46E4D2D10FC88006E6855 /* RouteDetailViewController.swift */,
			);
			path = Route;
			sourceTree = "<group>";
		};
		2D7C5BE62D08ADE800C381CE /* CustomView */ = {
			isa = PBXGroup;
			children = (
				2D7C5BE72D08ADFC00C381CE /* CircularProgress.swift */,
				2DD46E4F2D110157006E6855 /* RouteDetailView.swift */,
				2DD46E512D1101B1006E6855 /* RouteBasicInfoTableViewCell.swift */,
			);
			path = CustomView;
			sourceTree = "<group>";
		};
		2D904EE92CE0B04A005CF538 = {
			isa = PBXGroup;
			children = (
				2D904EF42CE0B04A005CF538 /* RPA-D */,
				2D904EF32CE0B04A005CF538 /* Products */,
				FE4A81B417DCA8885807BC16 /* Pods */,
				4046BCD02198D9713B6960FC /* Frameworks */,
			);
			sourceTree = "<group>";
		};
		2D904EF32CE0B04A005CF538 /* Products */ = {
			isa = PBXGroup;
			children = (
				2D904EF22CE0B04A005CF538 /* RPA-D.app */,
			);
			name = Products;
			sourceTree = "<group>";
		};
		2D904EF42CE0B04A005CF538 /* RPA-D */ = {
			isa = PBXGroup;
			children = (
				2D904F3A2CE0E441005CF538 /* RPA-D.entitlements */,
				2D904F002CE0B04C005CF538 /* LaunchScreen.storyboard */,
				2D904EFE2CE0B04C005CF538 /* Assets.xcassets */,
				2D904F032CE0B04C005CF538 /* Info.plist */,
				2D904F2E2CE0D002005CF538 /* GoogleService-Info.plist */,
				2D904EF52CE0B04A005CF538 /* AppDelegate.swift */,
				2D904EF72CE0B04A005CF538 /* SceneDelegate.swift */,
				2D904F092CE0B2C1005CF538 /* Template */,
				2D904F352CE0DC97005CF538 /* Fonts */,
				2D904F222CE0B30C005CF538 /* Assistant */,
				2D904F322CE0D8D7005CF538 /* Models */,
				2D904F2D2CE0B3DD005CF538 /* Login */,
				2DE0055F2CE248B8004DE761 /* Main */,
				2DE005602CE248BF004DE761 /* DispatchCalendar */,
				2DE005612CE248C7004DE761 /* Office */,
				2DE005622CE248CD004DE761 /* Profile */,
			);
			path = "RPA-D";
			sourceTree = "<group>";
		};
		2D904F092CE0B2C1005CF538 /* Template */ = {
			isa = PBXGroup;
			children = (
				2D904F0A2CE0B2C1005CF538 /* TemplateView.swift */,
				2D904F0B2CE0B2C1005CF538 /* TemplateTableViewCell.swift */,
				2D904F0E2CE0B2C1005CF538 /* BottomSheetViewController.swift */,
				2D904F0F2CE0B2C1005CF538 /* AlertPopViewController.swift */,
				2D904F102CE0B2C1005CF538 /* CategoryButton.swift */,
				2D904F112CE0B2C1005CF538 /* TemplateViewController.swift */,
				2D904F122CE0B2C1005CF538 /* TemplateHeaderFooterView.swift */,
				2D904F132CE0B2C1005CF538 /* TempateViewPagerViewController.swift */,
				2D904F142CE0B2C1005CF538 /* TemplateCollectionViewCell.swift */,
				2D904F152CE0B2C1005CF538 /* ViewPagerCollectionViewCell.swift */,
			);
			path = Template;
			sourceTree = "<group>";
		};
		2D904F222CE0B30C005CF538 /* Assistant */ = {
			isa = PBXGroup;
			children = (
				2D904F252CE0B326005CF538 /* NetworkMonitor.swift */,
				2D904F262CE0B326005CF538 /* ReferenceValues.swift */,
				2D904F242CE0B326005CF538 /* ServerSetting.swift */,
				2D904F232CE0B326005CF538 /* SupportingMethods.swift */,
			);
			path = Assistant;
			sourceTree = "<group>";
		};
		2D904F2D2CE0B3DD005CF538 /* Login */ = {
			isa = PBXGroup;
			children = (
				2D904F0C2CE0B2C1005CF538 /* CustomizedNavigationController.swift */,
				2D904F0D2CE0B2C1005CF538 /* CustomizedTabBarController.swift */,
				2D904F2B2CE0B3C2005CF538 /* SplashViewController.swift */,
				2D904F302CE0D20D005CF538 /* PermissionViewController.swift */,
				2D904F382CE0DE48005CF538 /* PermissionTableViewCell.swift */,
			);
			path = Login;
			sourceTree = "<group>";
		};
		2D904F322CE0D8D7005CF538 /* Models */ = {
			isa = PBXGroup;
			children = (
				05D3FA7F2CE2EE1500AFDC6B /* User.swift */,
				2D904F332CE0D8E1005CF538 /* LoginModel.swift */,
				05A015572CF497AA004D0844 /* MainModel.swift */,
				059082742CE6D2A500E4D204 /* DispatchModel.swift */,
				05763DB42D08225A00385325 /* MemberModel.swift */,
				05763DBD2D0951DA00385325 /* RouteModel.swift */,
				05763DBF2D096AAE00385325 /* ProfileModel.swift */,
				2DD46E422D10397C006E6855 /* NoticeModel.swift */,
			);
			path = Models;
			sourceTree = "<group>";
		};
		2D904F352CE0DC97005CF538 /* Fonts */ = {
			isa = PBXGroup;
			children = (
				2D904F362CE0DCA5005CF538 /* PretendardVariable.ttf */,
			);
			path = Fonts;
			sourceTree = "<group>";
		};
		2DD46E3C2D0FFA24006E6855 /* Main */ = {
			isa = PBXGroup;
			children = (
				2DE005672CE2491C004DE761 /* OfficeViewController.swift */,
				05763DB22D08176B00385325 /* PhoneBookCollectionViewCell.swift */,
				05763DB02D07DF3400385325 /* OtherTasksCollectionViewCell.swift */,
			);
			path = Main;
			sourceTree = "<group>";
		};
		2DD46E3D2D0FFA2E006E6855 /* Notice */ = {
			isa = PBXGroup;
			children = (
				2DD46E3E2D0FFA48006E6855 /* NoticeViewController.swift */,
				2DD46E402D1002A0006E6855 /* NoticeTableViewCell.swift */,
				2DD46E442D103DCF006E6855 /* NoticeDetailViewController.swift */,
			);
			path = Notice;
			sourceTree = "<group>";
		};
		2DD46E572D11463C006E6855 /* CustomView */ = {
			isa = PBXGroup;
			children = (
				2DD46E582D11464C006E6855 /* ProblemDetailView.swift */,
				2DD46E5A2D114678006E6855 /* ProblemBasicInfoTableViewCell.swift */,
			);
			path = CustomView;
			sourceTree = "<group>";
		};
		2DE0055F2CE248B8004DE761 /* Main */ = {
			isa = PBXGroup;
			children = (
				05763DB62D0826B100385325 /* Common */,
				2DF135112CE7C1E300EAA052 /* Manager */,
				05D3FA7D2CE2ECD900AFDC6B /* Driver */,
			);
			path = Main;
			sourceTree = "<group>";
		};
		2DE005602CE248BF004DE761 /* DispatchCalendar */ = {
			isa = PBXGroup;
			children = (
				2DE005652CE2490C004DE761 /* CalendarViewController.swift */,
				05DB9A8D2CE448F600742317 /* KindsOfDocumentCollectionViewCell.swift */,
				05DB9A8F2CE4499900742317 /* DispatchDocumentTableViewCell.swift */,
			);
			path = DispatchCalendar;
			sourceTree = "<group>";
		};
		2DE005612CE248C7004DE761 /* Office */ = {
			isa = PBXGroup;
			children = (
				2DD46E3C2D0FFA24006E6855 /* Main */,
				2DD46E3D2D0FFA2E006E6855 /* Notice */,
				2D7C5BE32D08A7B600C381CE /* Route */,
				05763DC42D09716100385325 /* PhoneBook */,
			);
			path = Office;
			sourceTree = "<group>";
		};
		2DE005622CE248CD004DE761 /* Profile */ = {
			isa = PBXGroup;
			children = (
				2DE005692CE2492E004DE761 /* ProfileViewController.swift */,
				2D7C5BE02D0896EA00C381CE /* Card */,
				05763DC12D096B1D00385325 /* Salary */,
			);
			path = Profile;
			sourceTree = "<group>";
		};
		2DF135112CE7C1E300EAA052 /* Manager */ = {
			isa = PBXGroup;
			children = (
				2DD46E572D11463C006E6855 /* CustomView */,
				2DF135122CE7C1F200EAA052 /* ManagerMainViewController.swift */,
				2DD46E532D1135CB006E6855 /* ProblemRouteTableViewCell.swift */,
				2DD46E552D11458D006E6855 /* ProblemDetailViewController.swift */,
			);
			path = Manager;
			sourceTree = "<group>";
		};
		4046BCD02198D9713B6960FC /* Frameworks */ = {
			isa = PBXGroup;
			children = (
				2E746101C42B769B55E0BCDA /* Pods_RPA_D.framework */,
			);
			name = Frameworks;
			sourceTree = "<group>";
		};
		FE4A81B417DCA8885807BC16 /* Pods */ = {
			isa = PBXGroup;
			children = (
				4EBB60802CDBB97B2D50CE46 /* Pods-RPA-D.debug.xcconfig */,
				F2954567F689DF28A11B75A0 /* Pods-RPA-D.release.xcconfig */,
			);
			path = Pods;
			sourceTree = "<group>";
		};
/* End PBXGroup section */

/* Begin PBXNativeTarget section */
		2D904EF12CE0B04A005CF538 /* RPA-D */ = {
			isa = PBXNativeTarget;
			buildConfigurationList = 2D904F062CE0B04C005CF538 /* Build configuration list for PBXNativeTarget "RPA-D" */;
			buildPhases = (
				DF43C109CA18D104DFBE4865 /* [CP] Check Pods Manifest.lock */,
				2D904EEE2CE0B04A005CF538 /* Sources */,
				2D904EEF2CE0B04A005CF538 /* Frameworks */,
				2D904EF02CE0B04A005CF538 /* Resources */,
				9C2FF8193224D8CBF9F38CD8 /* [CP] Embed Pods Frameworks */,
			);
			buildRules = (
			);
			dependencies = (
			);
			name = "RPA-D";
			productName = "RPA-D";
			productReference = 2D904EF22CE0B04A005CF538 /* RPA-D.app */;
			productType = "com.apple.product-type.application";
		};
/* End PBXNativeTarget section */

/* Begin PBXProject section */
		2D904EEA2CE0B04A005CF538 /* Project object */ = {
			isa = PBXProject;
			attributes = {
				BuildIndependentTargetsInParallel = 1;
				LastSwiftUpdateCheck = 1500;
				LastUpgradeCheck = 1500;
				TargetAttributes = {
					2D904EF12CE0B04A005CF538 = {
						CreatedOnToolsVersion = 15.0;
					};
				};
			};
			buildConfigurationList = 2D904EED2CE0B04A005CF538 /* Build configuration list for PBXProject "RPA-D" */;
			compatibilityVersion = "Xcode 14.0";
			developmentRegion = en;
			hasScannedForEncodings = 0;
			knownRegions = (
				en,
				Base,
			);
			mainGroup = 2D904EE92CE0B04A005CF538;
			productRefGroup = 2D904EF32CE0B04A005CF538 /* Products */;
			projectDirPath = "";
			projectRoot = "";
			targets = (
				2D904EF12CE0B04A005CF538 /* RPA-D */,
			);
		};
/* End PBXProject section */

/* Begin PBXResourcesBuildPhase section */
		2D904EF02CE0B04A005CF538 /* Resources */ = {
			isa = PBXResourcesBuildPhase;
			buildActionMask = 2147483647;
			files = (
				2D904F022CE0B04C005CF538 /* LaunchScreen.storyboard in Resources */,
				2D904F372CE0DCA7005CF538 /* PretendardVariable.ttf in Resources */,
				2D904F2F2CE0D002005CF538 /* GoogleService-Info.plist in Resources */,
				2D904EFF2CE0B04C005CF538 /* Assets.xcassets in Resources */,
			);
			runOnlyForDeploymentPostprocessing = 0;
		};
/* End PBXResourcesBuildPhase section */

/* Begin PBXShellScriptBuildPhase section */
		9C2FF8193224D8CBF9F38CD8 /* [CP] Embed Pods Frameworks */ = {
			isa = PBXShellScriptBuildPhase;
			buildActionMask = 2147483647;
			files = (
			);
			inputFileListPaths = (
				"${PODS_ROOT}/Target Support Files/Pods-RPA-D/Pods-RPA-D-frameworks-${CONFIGURATION}-input-files.xcfilelist",
			);
			name = "[CP] Embed Pods Frameworks";
			outputFileListPaths = (
				"${PODS_ROOT}/Target Support Files/Pods-RPA-D/Pods-RPA-D-frameworks-${CONFIGURATION}-output-files.xcfilelist",
			);
			runOnlyForDeploymentPostprocessing = 0;
			shellPath = /bin/sh;
			shellScript = "\"${PODS_ROOT}/Target Support Files/Pods-RPA-D/Pods-RPA-D-frameworks.sh\"\n";
			showEnvVarsInLog = 0;
		};
		DF43C109CA18D104DFBE4865 /* [CP] Check Pods Manifest.lock */ = {
			isa = PBXShellScriptBuildPhase;
			buildActionMask = 2147483647;
			files = (
			);
			inputFileListPaths = (
			);
			inputPaths = (
				"${PODS_PODFILE_DIR_PATH}/Podfile.lock",
				"${PODS_ROOT}/Manifest.lock",
			);
			name = "[CP] Check Pods Manifest.lock";
			outputFileListPaths = (
			);
			outputPaths = (
				"$(DERIVED_FILE_DIR)/Pods-RPA-D-checkManifestLockResult.txt",
			);
			runOnlyForDeploymentPostprocessing = 0;
			shellPath = /bin/sh;
			shellScript = "diff \"${PODS_PODFILE_DIR_PATH}/Podfile.lock\" \"${PODS_ROOT}/Manifest.lock\" > /dev/null\nif [ $? != 0 ] ; then\n    # print error to STDERR\n    echo \"error: The sandbox is not in sync with the Podfile.lock. Run 'pod install' or update your CocoaPods installation.\" >&2\n    exit 1\nfi\n# This output is used by Xcode 'outputs' to avoid re-running this script phase.\necho \"SUCCESS\" > \"${SCRIPT_OUTPUT_FILE_0}\"\n";
			showEnvVarsInLog = 0;
		};
/* End PBXShellScriptBuildPhase section */

/* Begin PBXSourcesBuildPhase section */
		2D904EEE2CE0B04A005CF538 /* Sources */ = {
			isa = PBXSourcesBuildPhase;
			buildActionMask = 2147483647;
			files = (
				05763DC32D096B2B00385325 /* SalaryViewController.swift in Sources */,
				2D7C5BD12D04BF4700C381CE /* RefusalReasonViewController.swift in Sources */,
				2DE005682CE2491C004DE761 /* OfficeViewController.swift in Sources */,
				2D7C5BE52D08A7C100C381CE /* RouteViewController.swift in Sources */,
				2DE005662CE2490C004DE761 /* CalendarViewController.swift in Sources */,
				2DD46E562D11458D006E6855 /* ProblemDetailViewController.swift in Sources */,
				2DC362C62CFF58A900859D1D /* DispatchNoteView.swift in Sources */,
				05DB9A902CE4499900742317 /* DispatchDocumentTableViewCell.swift in Sources */,
				2D904F182CE0B2DF005CF538 /* CustomizedNavigationController.swift in Sources */,
				057C6D9B2CFEE5E80019FA3E /* DispatchDetailView.swift in Sources */,
				0582805F2D0025D900898A4A /* DispatchRunningTableViewCell.swift in Sources */,
				2DE005642CE248F4004DE761 /* MainViewController.swift in Sources */,
				2D904F342CE0D8E1005CF538 /* LoginModel.swift in Sources */,
				2D904F272CE0B326005CF538 /* SupportingMethods.swift in Sources */,
				2D41BEAE2D3E86C700C4D6E8 /* ScheduleTableViewCell.swift in Sources */,
				2DD46E4E2D10FC88006E6855 /* RouteDetailViewController.swift in Sources */,
				05763DBE2D0951DA00385325 /* RouteModel.swift in Sources */,
				2DD46E472D104A7F006E6855 /* RouteSearchViewController.swift in Sources */,
				2D904F1C2CE0B2E8005CF538 /* CategoryButton.swift in Sources */,
				2D904F392CE0DE48005CF538 /* PermissionTableViewCell.swift in Sources */,
				2D904F162CE0B2DA005CF538 /* TemplateView.swift in Sources */,
				2D904F282CE0B326005CF538 /* ServerSetting.swift in Sources */,
				2DDE3CB02CFAEDE70024A799 /* BottomSheetView.swift in Sources */,
				058280632D0035D000898A4A /* MorningRollCallTableViewCell.swift in Sources */,
				05A227402CEC225C00C07662 /* WorkRateTableViewCell.swift in Sources */,
				2DE0056A2CE2492E004DE761 /* ProfileViewController.swift in Sources */,
				2D7C5BD32D04CDEA00C381CE /* RefusalSubmitViewController.swift in Sources */,
				057C6DA12CFEEC190019FA3E /* DispatchDetailIBaseInfoTableViewCell.swift in Sources */,
				2D904EF62CE0B04A005CF538 /* AppDelegate.swift in Sources */,
				2DD46E5B2D114678006E6855 /* ProblemBasicInfoTableViewCell.swift in Sources */,
				05A0155A2CF58305004D0844 /* StatusView.swift in Sources */,
				2DD46E592D11464C006E6855 /* ProblemDetailView.swift in Sources */,
				05A015582CF497AA004D0844 /* MainModel.swift in Sources */,
				05763DBC2D094AA000385325 /* RouteTableViewCell.swift in Sources */,
				2D904F292CE0B326005CF538 /* NetworkMonitor.swift in Sources */,
				2D904F212CE0B2F2005CF538 /* ViewPagerCollectionViewCell.swift in Sources */,
				2D7C5BE22D0896F600C381CE /* CardViewController.swift in Sources */,
				2D7C5BE82D08ADFC00C381CE /* CircularProgress.swift in Sources */,
				2D904F1F2CE0B2EE005CF538 /* TempateViewPagerViewController.swift in Sources */,
				057C6D9F2CFEEA2D0019FA3E /* StationDetailInfoTableViewCell.swift in Sources */,
				056D9ACC2D02E122006357B8 /* DailyInspectionTableViewCell.swift in Sources */,
				05DA9BEB2CF6E5DC0024CADE /* MorningRollCallViewController.swift in Sources */,
				05A015542CF40D47004D0844 /* HourlyWorkView.swift in Sources */,
				2DD46E412D1002A0006E6855 /* NoticeTableViewCell.swift in Sources */,
				050295A92D06849600BE3CB7 /* EveningRollCallViewController.swift in Sources */,
				2D41BEAC2D3BD87200C4D6E8 /* RenewalMainViewController.swift in Sources */,
				2D7C5BD52D04D36600C381CE /* RefusalReasonCollectionViewCell.swift in Sources */,
				05A227482CEC229B00C07662 /* GetOffWorkTableViewCell.swift in Sources */,
				2D904F312CE0D20D005CF538 /* PermissionViewController.swift in Sources */,
				057C6DA32CFEF9D50019FA3E /* DispatchDetailReferencesTableViewCell.swift in Sources */,
				2DD46E542D1135CB006E6855 /* ProblemRouteTableViewCell.swift in Sources */,
				058280612D002D1F00898A4A /* PushButtonView.swift in Sources */,
				05D3FA7C2CE2DD3300AFDC6B /* GetUpCheckViewController.swift in Sources */,
				2D7C5BDD2D060D7500C381CE /* DispatchOffView.swift in Sources */,
				2D904F1D2CE0B2EA005CF538 /* TemplateViewController.swift in Sources */,
				2D7C5BDF2D0615A400C381CE /* DispatchOffTableViewCell.swift in Sources */,
				2DD46E522D1101B1006E6855 /* RouteBasicInfoTableViewCell.swift in Sources */,
				2D904F172CE0B2DD005CF538 /* TemplateTableViewCell.swift in Sources */,
				05763DB32D08176B00385325 /* PhoneBookCollectionViewCell.swift in Sources */,
				2D7C5BDB2D0602BE00C381CE /* DispatchPeopleCountView.swift in Sources */,
				057C6D9D2CFEE5F60019FA3E /* DispatchRunningView.swift in Sources */,
				05763DB12D07DF3400385325 /* OtherTasksCollectionViewCell.swift in Sources */,
				05DB9A8E2CE448F600742317 /* KindsOfDocumentCollectionViewCell.swift in Sources */,
				2D904EF82CE0B04A005CF538 /* SceneDelegate.swift in Sources */,
				2DD46E3F2D0FFA48006E6855 /* NoticeViewController.swift in Sources */,
				05DA9BE92CF6AD800024CADE /* DispatchDetailViewController.swift in Sources */,
				2DD46E432D10397C006E6855 /* NoticeModel.swift in Sources */,
				05A227422CEC228700C07662 /* GoToWorkTableViewCell.swift in Sources */,
				05763DB82D0826E700385325 /* NotificationListViewController.swift in Sources */,
				05D3FA802CE2EE1500AFDC6B /* User.swift in Sources */,
				059082752CE6D2A500E4D204 /* DispatchModel.swift in Sources */,
				2D904F1E2CE0B2EC005CF538 /* TemplateHeaderFooterView.swift in Sources */,
				2DD46E452D103DCF006E6855 /* NoticeDetailViewController.swift in Sources */,
				05763DC62D09731100385325 /* PhoneBookListViewController.swift in Sources */,
				2DD46E502D110157006E6855 /* RouteDetailView.swift in Sources */,
				05763DBA2D08293300385325 /* NotificationTableViewCell.swift in Sources */,
				05763DB52D08225A00385325 /* MemberModel.swift in Sources */,
				2DF135132CE7C1F200EAA052 /* ManagerMainViewController.swift in Sources */,
				2D904F2A2CE0B326005CF538 /* ReferenceValues.swift in Sources */,
				05763DC02D096AAE00385325 /* ProfileModel.swift in Sources */,
				2D904F2C2CE0B3C2005CF538 /* SplashViewController.swift in Sources */,
				2D904F202CE0B2F0005CF538 /* TemplateCollectionViewCell.swift in Sources */,
				2D904F192CE0B2E1005CF538 /* CustomizedTabBarController.swift in Sources */,
				2D7C5BCF2D049D3400C381CE /* DispatchCheckListViewController.swift in Sources */,
				05763DC82D0973BA00385325 /* PhoneBookListTableViewCell.swift in Sources */,
				056D9ACA2D02E0A9006357B8 /* DailyInspectionViewController.swift in Sources */,
				2D904F1B2CE0B2E5005CF538 /* AlertPopViewController.swift in Sources */,
				2D904F1A2CE0B2E3005CF538 /* BottomSheetViewController.swift in Sources */,
				05A227442CEC228C00C07662 /* DispatchTableViewCell.swift in Sources */,
			);
			runOnlyForDeploymentPostprocessing = 0;
		};
/* End PBXSourcesBuildPhase section */

/* Begin PBXVariantGroup section */
		2D904F002CE0B04C005CF538 /* LaunchScreen.storyboard */ = {
			isa = PBXVariantGroup;
			children = (
				2D904F012CE0B04C005CF538 /* Base */,
			);
			name = LaunchScreen.storyboard;
			sourceTree = "<group>";
		};
/* End PBXVariantGroup section */

/* Begin XCBuildConfiguration section */
		2D904F042CE0B04C005CF538 /* Debug */ = {
			isa = XCBuildConfiguration;
			buildSettings = {
				ALWAYS_SEARCH_USER_PATHS = NO;
				ASSETCATALOG_COMPILER_GENERATE_SWIFT_ASSET_SYMBOL_EXTENSIONS = YES;
				CLANG_ANALYZER_NONNULL = YES;
				CLANG_ANALYZER_NUMBER_OBJECT_CONVERSION = YES_AGGRESSIVE;
				CLANG_CXX_LANGUAGE_STANDARD = "gnu++20";
				CLANG_ENABLE_MODULES = YES;
				CLANG_ENABLE_OBJC_ARC = YES;
				CLANG_ENABLE_OBJC_WEAK = YES;
				CLANG_WARN_BLOCK_CAPTURE_AUTORELEASING = YES;
				CLANG_WARN_BOOL_CONVERSION = YES;
				CLANG_WARN_COMMA = YES;
				CLANG_WARN_CONSTANT_CONVERSION = YES;
				CLANG_WARN_DEPRECATED_OBJC_IMPLEMENTATIONS = YES;
				CLANG_WARN_DIRECT_OBJC_ISA_USAGE = YES_ERROR;
				CLANG_WARN_DOCUMENTATION_COMMENTS = YES;
				CLANG_WARN_EMPTY_BODY = YES;
				CLANG_WARN_ENUM_CONVERSION = YES;
				CLANG_WARN_INFINITE_RECURSION = YES;
				CLANG_WARN_INT_CONVERSION = YES;
				CLANG_WARN_NON_LITERAL_NULL_CONVERSION = YES;
				CLANG_WARN_OBJC_IMPLICIT_RETAIN_SELF = YES;
				CLANG_WARN_OBJC_LITERAL_CONVERSION = YES;
				CLANG_WARN_OBJC_ROOT_CLASS = YES_ERROR;
				CLANG_WARN_QUOTED_INCLUDE_IN_FRAMEWORK_HEADER = YES;
				CLANG_WARN_RANGE_LOOP_ANALYSIS = YES;
				CLANG_WARN_STRICT_PROTOTYPES = YES;
				CLANG_WARN_SUSPICIOUS_MOVE = YES;
				CLANG_WARN_UNGUARDED_AVAILABILITY = YES_AGGRESSIVE;
				CLANG_WARN_UNREACHABLE_CODE = YES;
				CLANG_WARN__DUPLICATE_METHOD_MATCH = YES;
				COPY_PHASE_STRIP = NO;
				DEBUG_INFORMATION_FORMAT = dwarf;
				ENABLE_STRICT_OBJC_MSGSEND = YES;
				ENABLE_TESTABILITY = YES;
				ENABLE_USER_SCRIPT_SANDBOXING = NO;
				GCC_C_LANGUAGE_STANDARD = gnu17;
				GCC_DYNAMIC_NO_PIC = NO;
				GCC_NO_COMMON_BLOCKS = YES;
				GCC_OPTIMIZATION_LEVEL = 0;
				GCC_PREPROCESSOR_DEFINITIONS = (
					"DEBUG=1",
					"$(inherited)",
				);
				GCC_WARN_64_TO_32_BIT_CONVERSION = YES;
				GCC_WARN_ABOUT_RETURN_TYPE = YES_ERROR;
				GCC_WARN_UNDECLARED_SELECTOR = YES;
				GCC_WARN_UNINITIALIZED_AUTOS = YES_AGGRESSIVE;
				GCC_WARN_UNUSED_FUNCTION = YES;
				GCC_WARN_UNUSED_VARIABLE = YES;
				IPHONEOS_DEPLOYMENT_TARGET = 17.0;
				LOCALIZATION_PREFERS_STRING_CATALOGS = YES;
				MTL_ENABLE_DEBUG_INFO = INCLUDE_SOURCE;
				MTL_FAST_MATH = YES;
				ONLY_ACTIVE_ARCH = YES;
				SDKROOT = iphoneos;
				SWIFT_ACTIVE_COMPILATION_CONDITIONS = "DEBUG $(inherited)";
				SWIFT_OPTIMIZATION_LEVEL = "-Onone";
			};
			name = Debug;
		};
		2D904F052CE0B04C005CF538 /* Release */ = {
			isa = XCBuildConfiguration;
			buildSettings = {
				ALWAYS_SEARCH_USER_PATHS = NO;
				ASSETCATALOG_COMPILER_GENERATE_SWIFT_ASSET_SYMBOL_EXTENSIONS = YES;
				CLANG_ANALYZER_NONNULL = YES;
				CLANG_ANALYZER_NUMBER_OBJECT_CONVERSION = YES_AGGRESSIVE;
				CLANG_CXX_LANGUAGE_STANDARD = "gnu++20";
				CLANG_ENABLE_MODULES = YES;
				CLANG_ENABLE_OBJC_ARC = YES;
				CLANG_ENABLE_OBJC_WEAK = YES;
				CLANG_WARN_BLOCK_CAPTURE_AUTORELEASING = YES;
				CLANG_WARN_BOOL_CONVERSION = YES;
				CLANG_WARN_COMMA = YES;
				CLANG_WARN_CONSTANT_CONVERSION = YES;
				CLANG_WARN_DEPRECATED_OBJC_IMPLEMENTATIONS = YES;
				CLANG_WARN_DIRECT_OBJC_ISA_USAGE = YES_ERROR;
				CLANG_WARN_DOCUMENTATION_COMMENTS = YES;
				CLANG_WARN_EMPTY_BODY = YES;
				CLANG_WARN_ENUM_CONVERSION = YES;
				CLANG_WARN_INFINITE_RECURSION = YES;
				CLANG_WARN_INT_CONVERSION = YES;
				CLANG_WARN_NON_LITERAL_NULL_CONVERSION = YES;
				CLANG_WARN_OBJC_IMPLICIT_RETAIN_SELF = YES;
				CLANG_WARN_OBJC_LITERAL_CONVERSION = YES;
				CLANG_WARN_OBJC_ROOT_CLASS = YES_ERROR;
				CLANG_WARN_QUOTED_INCLUDE_IN_FRAMEWORK_HEADER = YES;
				CLANG_WARN_RANGE_LOOP_ANALYSIS = YES;
				CLANG_WARN_STRICT_PROTOTYPES = YES;
				CLANG_WARN_SUSPICIOUS_MOVE = YES;
				CLANG_WARN_UNGUARDED_AVAILABILITY = YES_AGGRESSIVE;
				CLANG_WARN_UNREACHABLE_CODE = YES;
				CLANG_WARN__DUPLICATE_METHOD_MATCH = YES;
				COPY_PHASE_STRIP = NO;
				DEBUG_INFORMATION_FORMAT = "dwarf-with-dsym";
				ENABLE_NS_ASSERTIONS = NO;
				ENABLE_STRICT_OBJC_MSGSEND = YES;
				ENABLE_USER_SCRIPT_SANDBOXING = NO;
				GCC_C_LANGUAGE_STANDARD = gnu17;
				GCC_NO_COMMON_BLOCKS = YES;
				GCC_WARN_64_TO_32_BIT_CONVERSION = YES;
				GCC_WARN_ABOUT_RETURN_TYPE = YES_ERROR;
				GCC_WARN_UNDECLARED_SELECTOR = YES;
				GCC_WARN_UNINITIALIZED_AUTOS = YES_AGGRESSIVE;
				GCC_WARN_UNUSED_FUNCTION = YES;
				GCC_WARN_UNUSED_VARIABLE = YES;
				IPHONEOS_DEPLOYMENT_TARGET = 17.0;
				LOCALIZATION_PREFERS_STRING_CATALOGS = YES;
				MTL_ENABLE_DEBUG_INFO = NO;
				MTL_FAST_MATH = YES;
				SDKROOT = iphoneos;
				SWIFT_COMPILATION_MODE = wholemodule;
				VALIDATE_PRODUCT = YES;
			};
			name = Release;
		};
		2D904F072CE0B04C005CF538 /* Debug */ = {
			isa = XCBuildConfiguration;
			baseConfigurationReference = 4EBB60802CDBB97B2D50CE46 /* Pods-RPA-D.debug.xcconfig */;
			buildSettings = {
				ASSETCATALOG_COMPILER_APPICON_NAME = AppIcon;
				ASSETCATALOG_COMPILER_GLOBAL_ACCENT_COLOR_NAME = AccentColor;
				CODE_SIGN_ENTITLEMENTS = "RPA-D/RPA-D.entitlements";
				CODE_SIGN_STYLE = Automatic;
				CURRENT_PROJECT_VERSION = 5;
				DEVELOPMENT_TEAM = 3C347T67DV;
				GENERATE_INFOPLIST_FILE = YES;
				INFOPLIST_FILE = "RPA-D/Info.plist";
				INFOPLIST_KEY_CFBundleDisplayName = "RPA-D";
				INFOPLIST_KEY_NSLocationAlwaysAndWhenInUseUsageDescription = "운행 경로 저장 및 안내, 정류장 확인을 위해 해당 권한을 사용합니다.";
				INFOPLIST_KEY_NSLocationAlwaysUsageDescription = "운행 경로 저장 및 안내, 정류장 확인을 위해 해당 권한을 사용합니다.";
				INFOPLIST_KEY_NSLocationWhenInUseUsageDescription = "운행 경로 저장 및 안내, 정류장 확인을 위해 해당 권한을 사용합니다.";
				INFOPLIST_KEY_NSPhotoLibraryUsageDescription = "보고용 사진을 가져오기 위해 앨범에 접근합니다.";
				INFOPLIST_KEY_UIApplicationSupportsIndirectInputEvents = YES;
				INFOPLIST_KEY_UILaunchStoryboardName = LaunchScreen;
				INFOPLIST_KEY_UISupportedInterfaceOrientations = UIInterfaceOrientationPortrait;
				INFOPLIST_KEY_UISupportedInterfaceOrientations_iPad = "UIInterfaceOrientationLandscapeLeft UIInterfaceOrientationLandscapeRight UIInterfaceOrientationPortrait UIInterfaceOrientationPortraitUpsideDown";
				INFOPLIST_KEY_UIUserInterfaceStyle = Light;
				IPHONEOS_DEPLOYMENT_TARGET = 15.0;
				LD_RUNPATH_SEARCH_PATHS = (
					"$(inherited)",
					"@executable_path/Frameworks",
				);
				MARKETING_VERSION = 1.0.0;
				PRODUCT_BUNDLE_IDENTIFIER = "kr.co.kingbus.RPA-D";
				PRODUCT_NAME = "$(TARGET_NAME)";
				SUPPORTED_PLATFORMS = "iphoneos iphonesimulator";
				SUPPORTS_MACCATALYST = NO;
				SWIFT_EMIT_LOC_STRINGS = YES;
				SWIFT_VERSION = 5.0;
				TARGETED_DEVICE_FAMILY = 1;
			};
			name = Debug;
		};
		2D904F082CE0B04C005CF538 /* Release */ = {
			isa = XCBuildConfiguration;
			baseConfigurationReference = F2954567F689DF28A11B75A0 /* Pods-RPA-D.release.xcconfig */;
			buildSettings = {
				ASSETCATALOG_COMPILER_APPICON_NAME = AppIcon;
				ASSETCATALOG_COMPILER_GLOBAL_ACCENT_COLOR_NAME = AccentColor;
				CODE_SIGN_ENTITLEMENTS = "RPA-D/RPA-D.entitlements";
				CODE_SIGN_STYLE = Automatic;
				CURRENT_PROJECT_VERSION = 5;
				DEVELOPMENT_TEAM = 3C347T67DV;
				GENERATE_INFOPLIST_FILE = YES;
				INFOPLIST_FILE = "RPA-D/Info.plist";
				INFOPLIST_KEY_CFBundleDisplayName = "RPA-D";
				INFOPLIST_KEY_NSLocationAlwaysAndWhenInUseUsageDescription = "운행 경로 저장 및 안내, 정류장 확인을 위해 해당 권한을 사용합니다.";
				INFOPLIST_KEY_NSLocationAlwaysUsageDescription = "운행 경로 저장 및 안내, 정류장 확인을 위해 해당 권한을 사용합니다.";
				INFOPLIST_KEY_NSLocationWhenInUseUsageDescription = "운행 경로 저장 및 안내, 정류장 확인을 위해 해당 권한을 사용합니다.";
				INFOPLIST_KEY_NSPhotoLibraryUsageDescription = "보고용 사진을 가져오기 위해 앨범에 접근합니다.";
				INFOPLIST_KEY_UIApplicationSupportsIndirectInputEvents = YES;
				INFOPLIST_KEY_UILaunchStoryboardName = LaunchScreen;
				INFOPLIST_KEY_UISupportedInterfaceOrientations = UIInterfaceOrientationPortrait;
				INFOPLIST_KEY_UISupportedInterfaceOrientations_iPad = "UIInterfaceOrientationLandscapeLeft UIInterfaceOrientationLandscapeRight UIInterfaceOrientationPortrait UIInterfaceOrientationPortraitUpsideDown";
				INFOPLIST_KEY_UIUserInterfaceStyle = Light;
				IPHONEOS_DEPLOYMENT_TARGET = 15.0;
				LD_RUNPATH_SEARCH_PATHS = (
					"$(inherited)",
					"@executable_path/Frameworks",
				);
				MARKETING_VERSION = 1.0.0;
				PRODUCT_BUNDLE_IDENTIFIER = "kr.co.kingbus.RPA-D";
				PRODUCT_NAME = "$(TARGET_NAME)";
				SUPPORTED_PLATFORMS = "iphoneos iphonesimulator";
				SUPPORTS_MACCATALYST = NO;
				SWIFT_EMIT_LOC_STRINGS = YES;
				SWIFT_VERSION = 5.0;
				TARGETED_DEVICE_FAMILY = 1;
			};
			name = Release;
		};
/* End XCBuildConfiguration section */

/* Begin XCConfigurationList section */
		2D904EED2CE0B04A005CF538 /* Build configuration list for PBXProject "RPA-D" */ = {
			isa = XCConfigurationList;
			buildConfigurations = (
				2D904F042CE0B04C005CF538 /* Debug */,
				2D904F052CE0B04C005CF538 /* Release */,
			);
			defaultConfigurationIsVisible = 0;
			defaultConfigurationName = Release;
		};
		2D904F062CE0B04C005CF538 /* Build configuration list for PBXNativeTarget "RPA-D" */ = {
			isa = XCConfigurationList;
			buildConfigurations = (
				2D904F072CE0B04C005CF538 /* Debug */,
				2D904F082CE0B04C005CF538 /* Release */,
			);
			defaultConfigurationIsVisible = 0;
			defaultConfigurationName = Release;
		};
/* End XCConfigurationList section */
	};
	rootObject = 2D904EEA2CE0B04A005CF538 /* Project object */;
}
